{
    "_readme": [
        "This file locks the dependencies of your project to a known state",
        "Read more about it at https://getcomposer.org/doc/01-basic-usage.md#installing-dependencies",
        "This file is @generated automatically"
    ],
    "content-hash": "8d0000af72d73b19430b8090b56cc930",
    "packages": [
        {
            "name": "unzerdev/php-sdk",
            "version": "3.1.0",
            "source": {
                "type": "git",
                "url": "https://github.com/unzerdev/php-sdk.git",
                "reference": "7842ffac892f538f2fa7d5b63d176b90dff5e8b3"
            },
            "dist": {
                "type": "zip",
                "url": "https://api.github.com/repos/unzerdev/php-sdk/zipball/7842ffac892f538f2fa7d5b63d176b90dff5e8b3",
                "reference": "7842ffac892f538f2fa7d5b63d176b90dff5e8b3",
                "shasum": ""
            },
            "require": {
                "ext-json": "*",
                "php": "~7.4.0|~8.0.0|~8.1.0|~8.2.0"
            },
            "require-dev": {
                "friendsofphp/php-cs-fixer": "^3.0",
                "phpunit/phpunit": ">6.5 <10.0"
            },
            "suggest": {
                "ext-curl": "*"
            },
            "type": "library",
            "autoload": {
                "psr-4": {
                    "UnzerSDK\\": "src",
                    "UnzerSDK\\examples\\": "examples"
                }
            },
            "notification-url": "https://packagist.org/downloads/",
            "license": [
                "Apache-2.0"
            ],
            "description": "This is the php sdk to connect to the Unzer rest api.",
            "support": {
                "email": "support@unzer.com",
                "source": "https://github.com/unzerdev/php-sdk/tree/3.1.0"
            },
            "time": "2023-04-05T09:58:15+00:00"
        }
    ],
    "packages-dev": [],
    "aliases": [],
    "minimum-stability": "stable",
    "stability-flags": [],
    "prefer-stable": false,
    "prefer-lowest": false,
    "platform": [],
    "platform-dev": [],
    "plugin-api-version": "2.2.0"
}
